// !$*UTF8*$!
{
	archiveVersion = 1;
	classes = {
	};
	objectVersion = 55;
	objects = {

/* Begin PBXBuildFile section */
		04B0EDC227A195120031B8C6 /* AppDelegate.swift in Sources */ = {isa = PBXBuildFile; fileRef = 04B0EDC127A195120031B8C6 /* AppDelegate.swift */; };
		04B0EDC427A195120031B8C6 /* SceneDelegate.swift in Sources */ = {isa = PBXBuildFile; fileRef = 04B0EDC327A195120031B8C6 /* SceneDelegate.swift */; };
		04B0EDC627A195120031B8C6 /* MainViewController.swift in Sources */ = {isa = PBXBuildFile; fileRef = 04B0EDC527A195120031B8C6 /* MainViewController.swift */; };
		04B0EDC927A195120031B8C6 /* Main.storyboard in Resources */ = {isa = PBXBuildFile; fileRef = 04B0EDC727A195120031B8C6 /* Main.storyboard */; };
		04B0EDCB27A195140031B8C6 /* Assets.xcassets in Resources */ = {isa = PBXBuildFile; fileRef = 04B0EDCA27A195140031B8C6 /* Assets.xcassets */; };
		04B0EDCE27A195140031B8C6 /* LaunchScreen.storyboard in Resources */ = {isa = PBXBuildFile; fileRef = 04B0EDCC27A195140031B8C6 /* LaunchScreen.storyboard */; };
		04B0EDD927A195140031B8C6 /* CurrencyTests.swift in Sources */ = {isa = PBXBuildFile; fileRef = 04B0EDD827A195140031B8C6 /* CurrencyTests.swift */; };
		04B0EDE327A195140031B8C6 /* CurrencyUITests.swift in Sources */ = {isa = PBXBuildFile; fileRef = 04B0EDE227A195140031B8C6 /* CurrencyUITests.swift */; };
		04B0EDE527A195140031B8C6 /* CurrencyUITestsLaunchTests.swift in Sources */ = {isa = PBXBuildFile; fileRef = 04B0EDE427A195140031B8C6 /* CurrencyUITestsLaunchTests.swift */; };
		04FE81E827A1BB9D00EC5334 /* BaseViewController.swift in Sources */ = {isa = PBXBuildFile; fileRef = 04FE81E727A1BB9D00EC5334 /* BaseViewController.swift */; };
		04FE81EA27A1BC5500EC5334 /* MainViewControllerVM.swift in Sources */ = {isa = PBXBuildFile; fileRef = 04FE81E927A1BC5500EC5334 /* MainViewControllerVM.swift */; };
		04FE81ED27A1BDB600EC5334 /* ApiService.swift in Sources */ = {isa = PBXBuildFile; fileRef = 04FE81EC27A1BDB600EC5334 /* ApiService.swift */; };
		04FE81F027A1BE4300EC5334 /* AppConfigs.swift in Sources */ = {isa = PBXBuildFile; fileRef = 04FE81EF27A1BE4300EC5334 /* AppConfigs.swift */; };
		04FE81F627A1CA7500EC5334 /* RealmDAO.swift in Sources */ = {isa = PBXBuildFile; fileRef = 04FE81F527A1CA7500EC5334 /* RealmDAO.swift */; };
		04FE81FA27A1CE2C00EC5334 /* CurrencyModel.swift in Sources */ = {isa = PBXBuildFile; fileRef = 04FE81F927A1CE2C00EC5334 /* CurrencyModel.swift */; };
		04FE81FE27A2DA5200EC5334 /* DataAccessManager.swift in Sources */ = {isa = PBXBuildFile; fileRef = 04FE81FD27A2DA5200EC5334 /* DataAccessManager.swift */; };
		04FE820127A2DDD200EC5334 /* CurrencyObject.swift in Sources */ = {isa = PBXBuildFile; fileRef = 04FE820027A2DDD200EC5334 /* CurrencyObject.swift */; };
		04FE820627A2F7ED00EC5334 /* NetworkManager.swift in Sources */ = {isa = PBXBuildFile; fileRef = 04FE820527A2F7ED00EC5334 /* NetworkManager.swift */; };
		04FE820927A2FD4100EC5334 /* Date+Util.swift in Sources */ = {isa = PBXBuildFile; fileRef = 04FE820827A2FD4100EC5334 /* Date+Util.swift */; };
		04FE820D27A53D7100EC5334 /* CurrencyCell.swift in Sources */ = {isa = PBXBuildFile; fileRef = 04FE820C27A53D7100EC5334 /* CurrencyCell.swift */; };
		04FE820F27A53D8000EC5334 /* CurrencyCellVM.swift in Sources */ = {isa = PBXBuildFile; fileRef = 04FE820E27A53D8000EC5334 /* CurrencyCellVM.swift */; };
		04FE821127A53DBE00EC5334 /* BaseTableViewCell.swift in Sources */ = {isa = PBXBuildFile; fileRef = 04FE821027A53DBE00EC5334 /* BaseTableViewCell.swift */; };
		04FE821727A5A85400EC5334 /* CurrencyHeaderView.swift in Sources */ = {isa = PBXBuildFile; fileRef = 04FE821627A5A85400EC5334 /* CurrencyHeaderView.swift */; };
		04FE821A27A87C4C00EC5334 /* UIColor+Hex.swift in Sources */ = {isa = PBXBuildFile; fileRef = 04FE821927A87C4C00EC5334 /* UIColor+Hex.swift */; };
		04FE821F27B11A7300EC5334 /* ChartViewController.swift in Sources */ = {isa = PBXBuildFile; fileRef = 04FE821E27B11A7300EC5334 /* ChartViewController.swift */; };
		04FE822127B11A8200EC5334 /* ChartViewControllerVM.swift in Sources */ = {isa = PBXBuildFile; fileRef = 04FE822027B11A8200EC5334 /* ChartViewControllerVM.swift */; };
		04FE822727B1239400EC5334 /* ChartAxisValueFormatter.swift in Sources */ = {isa = PBXBuildFile; fileRef = 04FE822627B1239400EC5334 /* ChartAxisValueFormatter.swift */; };
		C3E7CA7674225685C51C2BE7 /* Pods_CurrencyTests.framework in Frameworks */ = {isa = PBXBuildFile; fileRef = 0554EA28800065C7071AD120 /* Pods_CurrencyTests.framework */; };
		EE23A91A63E36FD8EF142411 /* Pods_Currency.framework in Frameworks */ = {isa = PBXBuildFile; fileRef = E0E934B5B63CFB44CFBD33DD /* Pods_Currency.framework */; };
		EEABDAAA7DF34CEEB1DB65BD /* Pods_Currency_CurrencyUITests.framework in Frameworks */ = {isa = PBXBuildFile; fileRef = B06016AC89A8952D933A2807 /* Pods_Currency_CurrencyUITests.framework */; };
/* End PBXBuildFile section */

/* Begin PBXContainerItemProxy section */
		04B0EDD527A195140031B8C6 /* PBXContainerItemProxy */ = {
			isa = PBXContainerItemProxy;
			containerPortal = 04B0EDB627A195120031B8C6 /* Project object */;
			proxyType = 1;
			remoteGlobalIDString = 04B0EDBD27A195120031B8C6;
			remoteInfo = Currency;
		};
		04B0EDDF27A195140031B8C6 /* PBXContainerItemProxy */ = {
			isa = PBXContainerItemProxy;
			containerPortal = 04B0EDB627A195120031B8C6 /* Project object */;
			proxyType = 1;
			remoteGlobalIDString = 04B0EDBD27A195120031B8C6;
			remoteInfo = Currency;
		};
/* End PBXContainerItemProxy section */

/* Begin PBXFileReference section */
		04B0EDBE27A195120031B8C6 /* Currency.app */ = {isa = PBXFileReference; explicitFileType = wrapper.application; includeInIndex = 0; path = Currency.app; sourceTree = BUILT_PRODUCTS_DIR; };
		04B0EDC127A195120031B8C6 /* AppDelegate.swift */ = {isa = PBXFileReference; lastKnownFileType = sourcecode.swift; path = AppDelegate.swift; sourceTree = "<group>"; };
		04B0EDC327A195120031B8C6 /* SceneDelegate.swift */ = {isa = PBXFileReference; lastKnownFileType = sourcecode.swift; path = SceneDelegate.swift; sourceTree = "<group>"; };
		04B0EDC527A195120031B8C6 /* MainViewController.swift */ = {isa = PBXFileReference; lastKnownFileType = sourcecode.swift; path = MainViewController.swift; sourceTree = "<group>"; };
		04B0EDC827A195120031B8C6 /* Base */ = {isa = PBXFileReference; lastKnownFileType = file.storyboard; name = Base; path = Base.lproj/Main.storyboard; sourceTree = "<group>"; };
		04B0EDCA27A195140031B8C6 /* Assets.xcassets */ = {isa = PBXFileReference; lastKnownFileType = folder.assetcatalog; path = Assets.xcassets; sourceTree = "<group>"; };
		04B0EDCD27A195140031B8C6 /* Base */ = {isa = PBXFileReference; lastKnownFileType = file.storyboard; name = Base; path = Base.lproj/LaunchScreen.storyboard; sourceTree = "<group>"; };
		04B0EDCF27A195140031B8C6 /* Info.plist */ = {isa = PBXFileReference; lastKnownFileType = text.plist.xml; path = Info.plist; sourceTree = "<group>"; };
		04B0EDD427A195140031B8C6 /* CurrencyTests.xctest */ = {isa = PBXFileReference; explicitFileType = wrapper.cfbundle; includeInIndex = 0; path = CurrencyTests.xctest; sourceTree = BUILT_PRODUCTS_DIR; };
		04B0EDD827A195140031B8C6 /* CurrencyTests.swift */ = {isa = PBXFileReference; lastKnownFileType = sourcecode.swift; path = CurrencyTests.swift; sourceTree = "<group>"; };
		04B0EDDE27A195140031B8C6 /* CurrencyUITests.xctest */ = {isa = PBXFileReference; explicitFileType = wrapper.cfbundle; includeInIndex = 0; path = CurrencyUITests.xctest; sourceTree = BUILT_PRODUCTS_DIR; };
		04B0EDE227A195140031B8C6 /* CurrencyUITests.swift */ = {isa = PBXFileReference; lastKnownFileType = sourcecode.swift; path = CurrencyUITests.swift; sourceTree = "<group>"; };
		04B0EDE427A195140031B8C6 /* CurrencyUITestsLaunchTests.swift */ = {isa = PBXFileReference; lastKnownFileType = sourcecode.swift; path = CurrencyUITestsLaunchTests.swift; sourceTree = "<group>"; };
		04FE81E727A1BB9D00EC5334 /* BaseViewController.swift */ = {isa = PBXFileReference; lastKnownFileType = sourcecode.swift; path = BaseViewController.swift; sourceTree = "<group>"; };
		04FE81E927A1BC5500EC5334 /* MainViewControllerVM.swift */ = {isa = PBXFileReference; lastKnownFileType = sourcecode.swift; path = MainViewControllerVM.swift; sourceTree = "<group>"; };
		04FE81EC27A1BDB600EC5334 /* ApiService.swift */ = {isa = PBXFileReference; lastKnownFileType = sourcecode.swift; path = ApiService.swift; sourceTree = "<group>"; };
		04FE81EF27A1BE4300EC5334 /* AppConfigs.swift */ = {isa = PBXFileReference; lastKnownFileType = sourcecode.swift; path = AppConfigs.swift; sourceTree = "<group>"; };
		04FE81F527A1CA7500EC5334 /* RealmDAO.swift */ = {isa = PBXFileReference; lastKnownFileType = sourcecode.swift; path = RealmDAO.swift; sourceTree = "<group>"; };
		04FE81F927A1CE2C00EC5334 /* CurrencyModel.swift */ = {isa = PBXFileReference; lastKnownFileType = sourcecode.swift; path = CurrencyModel.swift; sourceTree = "<group>"; };
		04FE81FD27A2DA5200EC5334 /* DataAccessManager.swift */ = {isa = PBXFileReference; lastKnownFileType = sourcecode.swift; path = DataAccessManager.swift; sourceTree = "<group>"; };
		04FE820027A2DDD200EC5334 /* CurrencyObject.swift */ = {isa = PBXFileReference; lastKnownFileType = sourcecode.swift; path = CurrencyObject.swift; sourceTree = "<group>"; };
		04FE820527A2F7ED00EC5334 /* NetworkManager.swift */ = {isa = PBXFileReference; lastKnownFileType = sourcecode.swift; path = NetworkManager.swift; sourceTree = "<group>"; };
		04FE820827A2FD4100EC5334 /* Date+Util.swift */ = {isa = PBXFileReference; lastKnownFileType = sourcecode.swift; path = "Date+Util.swift"; sourceTree = "<group>"; };
		04FE820C27A53D7100EC5334 /* CurrencyCell.swift */ = {isa = PBXFileReference; lastKnownFileType = sourcecode.swift; path = CurrencyCell.swift; sourceTree = "<group>"; };
		04FE820E27A53D8000EC5334 /* CurrencyCellVM.swift */ = {isa = PBXFileReference; lastKnownFileType = sourcecode.swift; path = CurrencyCellVM.swift; sourceTree = "<group>"; };
		04FE821027A53DBE00EC5334 /* BaseTableViewCell.swift */ = {isa = PBXFileReference; lastKnownFileType = sourcecode.swift; path = BaseTableViewCell.swift; sourceTree = "<group>"; };
		04FE821627A5A85400EC5334 /* CurrencyHeaderView.swift */ = {isa = PBXFileReference; lastKnownFileType = sourcecode.swift; path = CurrencyHeaderView.swift; sourceTree = "<group>"; };
		04FE821927A87C4C00EC5334 /* UIColor+Hex.swift */ = {isa = PBXFileReference; lastKnownFileType = sourcecode.swift; path = "UIColor+Hex.swift"; sourceTree = "<group>"; };
		04FE821E27B11A7300EC5334 /* ChartViewController.swift */ = {isa = PBXFileReference; lastKnownFileType = sourcecode.swift; path = ChartViewController.swift; sourceTree = "<group>"; };
		04FE822027B11A8200EC5334 /* ChartViewControllerVM.swift */ = {isa = PBXFileReference; lastKnownFileType = sourcecode.swift; path = ChartViewControllerVM.swift; sourceTree = "<group>"; };
		04FE822627B1239400EC5334 /* ChartAxisValueFormatter.swift */ = {isa = PBXFileReference; lastKnownFileType = sourcecode.swift; path = ChartAxisValueFormatter.swift; sourceTree = "<group>"; };
		0554EA28800065C7071AD120 /* Pods_CurrencyTests.framework */ = {isa = PBXFileReference; explicitFileType = wrapper.framework; includeInIndex = 0; path = Pods_CurrencyTests.framework; sourceTree = BUILT_PRODUCTS_DIR; };
		3135AD098398750F1EFC5A0D /* Pods-Currency-CurrencyUITests.debug.xcconfig */ = {isa = PBXFileReference; includeInIndex = 1; lastKnownFileType = text.xcconfig; name = "Pods-Currency-CurrencyUITests.debug.xcconfig"; path = "Target Support Files/Pods-Currency-CurrencyUITests/Pods-Currency-CurrencyUITests.debug.xcconfig"; sourceTree = "<group>"; };
		37D33DB61118F1787E38AD48 /* Pods-Currency.release.xcconfig */ = {isa = PBXFileReference; includeInIndex = 1; lastKnownFileType = text.xcconfig; name = "Pods-Currency.release.xcconfig"; path = "Target Support Files/Pods-Currency/Pods-Currency.release.xcconfig"; sourceTree = "<group>"; };
		50E51AA8267BE3B15C31C153 /* Pods-CurrencyTests.release.xcconfig */ = {isa = PBXFileReference; includeInIndex = 1; lastKnownFileType = text.xcconfig; name = "Pods-CurrencyTests.release.xcconfig"; path = "Target Support Files/Pods-CurrencyTests/Pods-CurrencyTests.release.xcconfig"; sourceTree = "<group>"; };
		62A506F0EE15DC35BDFE0DBD /* Pods-Currency-CurrencyUITests.release.xcconfig */ = {isa = PBXFileReference; includeInIndex = 1; lastKnownFileType = text.xcconfig; name = "Pods-Currency-CurrencyUITests.release.xcconfig"; path = "Target Support Files/Pods-Currency-CurrencyUITests/Pods-Currency-CurrencyUITests.release.xcconfig"; sourceTree = "<group>"; };
		A8CFED75F04EFAA70A9214F0 /* Pods-CurrencyTests.debug.xcconfig */ = {isa = PBXFileReference; includeInIndex = 1; lastKnownFileType = text.xcconfig; name = "Pods-CurrencyTests.debug.xcconfig"; path = "Target Support Files/Pods-CurrencyTests/Pods-CurrencyTests.debug.xcconfig"; sourceTree = "<group>"; };
		B06016AC89A8952D933A2807 /* Pods_Currency_CurrencyUITests.framework */ = {isa = PBXFileReference; explicitFileType = wrapper.framework; includeInIndex = 0; path = Pods_Currency_CurrencyUITests.framework; sourceTree = BUILT_PRODUCTS_DIR; };
		D0F6A04E445E5F6869EB4DBC /* Pods-Currency.debug.xcconfig */ = {isa = PBXFileReference; includeInIndex = 1; lastKnownFileType = text.xcconfig; name = "Pods-Currency.debug.xcconfig"; path = "Target Support Files/Pods-Currency/Pods-Currency.debug.xcconfig"; sourceTree = "<group>"; };
		E0E934B5B63CFB44CFBD33DD /* Pods_Currency.framework */ = {isa = PBXFileReference; explicitFileType = wrapper.framework; includeInIndex = 0; path = Pods_Currency.framework; sourceTree = BUILT_PRODUCTS_DIR; };
/* End PBXFileReference section */

/* Begin PBXFrameworksBuildPhase section */
		04B0EDBB27A195120031B8C6 /* Frameworks */ = {
			isa = PBXFrameworksBuildPhase;
			buildActionMask = 2147483647;
			files = (
				EE23A91A63E36FD8EF142411 /* Pods_Currency.framework in Frameworks */,
			);
			runOnlyForDeploymentPostprocessing = 0;
		};
		04B0EDD127A195140031B8C6 /* Frameworks */ = {
			isa = PBXFrameworksBuildPhase;
			buildActionMask = 2147483647;
			files = (
				C3E7CA7674225685C51C2BE7 /* Pods_CurrencyTests.framework in Frameworks */,
			);
			runOnlyForDeploymentPostprocessing = 0;
		};
		04B0EDDB27A195140031B8C6 /* Frameworks */ = {
			isa = PBXFrameworksBuildPhase;
			buildActionMask = 2147483647;
			files = (
				EEABDAAA7DF34CEEB1DB65BD /* Pods_Currency_CurrencyUITests.framework in Frameworks */,
			);
			runOnlyForDeploymentPostprocessing = 0;
		};
/* End PBXFrameworksBuildPhase section */

/* Begin PBXGroup section */
		04B0EDB527A195120031B8C6 = {
			isa = PBXGroup;
			children = (
				04B0EDC027A195120031B8C6 /* Currency */,
				04B0EDD727A195140031B8C6 /* CurrencyTests */,
				04B0EDE127A195140031B8C6 /* CurrencyUITests */,
				04B0EDBF27A195120031B8C6 /* Products */,
				34AC5F8CE60B3633795FE630 /* Pods */,
				833B76D868C08CAABBE94D41 /* Frameworks */,
			);
			sourceTree = "<group>";
		};
		04B0EDBF27A195120031B8C6 /* Products */ = {
			isa = PBXGroup;
			children = (
				04B0EDBE27A195120031B8C6 /* Currency.app */,
				04B0EDD427A195140031B8C6 /* CurrencyTests.xctest */,
				04B0EDDE27A195140031B8C6 /* CurrencyUITests.xctest */,
			);
			name = Products;
			sourceTree = "<group>";
		};
		04B0EDC027A195120031B8C6 /* Currency */ = {
			isa = PBXGroup;
			children = (
				04B0EDC127A195120031B8C6 /* AppDelegate.swift */,
				04B0EDC327A195120031B8C6 /* SceneDelegate.swift */,
				04FE81EE27A1BE3000EC5334 /* Configs */,
				04FE820727A2FD2700EC5334 /* Extension */,
				04FE81FD27A2DA5200EC5334 /* DataAccessManager.swift */,
				04FE81EB27A1BD1C00EC5334 /* Network */,
				04FE81F427A1CA5000EC5334 /* Database */,
				04FE81E527A1BB4D00EC5334 /* CustomViews */,
				04FE81E427A19FD400EC5334 /* ViewControllers */,
				04FE81E327A19F5C00EC5334 /* Storyboards */,
				04B0EDCA27A195140031B8C6 /* Assets.xcassets */,
				04B0EDCF27A195140031B8C6 /* Info.plist */,
			);
			path = Currency;
			sourceTree = "<group>";
		};
		04B0EDD727A195140031B8C6 /* CurrencyTests */ = {
			isa = PBXGroup;
			children = (
				04B0EDD827A195140031B8C6 /* CurrencyTests.swift */,
			);
			path = CurrencyTests;
			sourceTree = "<group>";
		};
		04B0EDE127A195140031B8C6 /* CurrencyUITests */ = {
			isa = PBXGroup;
			children = (
				04B0EDE227A195140031B8C6 /* CurrencyUITests.swift */,
				04B0EDE427A195140031B8C6 /* CurrencyUITestsLaunchTests.swift */,
			);
			path = CurrencyUITests;
			sourceTree = "<group>";
		};
		04FE81E327A19F5C00EC5334 /* Storyboards */ = {
			isa = PBXGroup;
			children = (
				04B0EDCC27A195140031B8C6 /* LaunchScreen.storyboard */,
				04B0EDC727A195120031B8C6 /* Main.storyboard */,
			);
			path = Storyboards;
			sourceTree = "<group>";
		};
		04FE81E427A19FD400EC5334 /* ViewControllers */ = {
			isa = PBXGroup;
			children = (
				04FE821B27B11A0C00EC5334 /* Main */,
				04FE821C27B11A1C00EC5334 /* Chart */,
			);
			path = ViewControllers;
			sourceTree = "<group>";
		};
		04FE81E527A1BB4D00EC5334 /* CustomViews */ = {
			isa = PBXGroup;
			children = (
				04FE81E627A1BB6100EC5334 /* Base */,
			);
			path = CustomViews;
			sourceTree = "<group>";
		};
		04FE81E627A1BB6100EC5334 /* Base */ = {
			isa = PBXGroup;
			children = (
				04FE81E727A1BB9D00EC5334 /* BaseViewController.swift */,
				04FE821027A53DBE00EC5334 /* BaseTableViewCell.swift */,
			);
			path = Base;
			sourceTree = "<group>";
		};
		04FE81EB27A1BD1C00EC5334 /* Network */ = {
			isa = PBXGroup;
			children = (
				04FE81EC27A1BDB600EC5334 /* ApiService.swift */,
				04FE820527A2F7ED00EC5334 /* NetworkManager.swift */,
				04FE81F827A1CE1100EC5334 /* Responses */,
			);
			path = Network;
			sourceTree = "<group>";
		};
		04FE81EE27A1BE3000EC5334 /* Configs */ = {
			isa = PBXGroup;
			children = (
				04FE81EF27A1BE4300EC5334 /* AppConfigs.swift */,
			);
			path = Configs;
			sourceTree = "<group>";
		};
		04FE81F427A1CA5000EC5334 /* Database */ = {
			isa = PBXGroup;
			children = (
				04FE81F527A1CA7500EC5334 /* RealmDAO.swift */,
				04FE81FF27A2DCF900EC5334 /* Objects */,
			);
			path = Database;
			sourceTree = "<group>";
		};
		04FE81F827A1CE1100EC5334 /* Responses */ = {
			isa = PBXGroup;
			children = (
				04FE81F927A1CE2C00EC5334 /* CurrencyModel.swift */,
			);
			path = Responses;
			sourceTree = "<group>";
		};
		04FE81FF27A2DCF900EC5334 /* Objects */ = {
			isa = PBXGroup;
			children = (
				04FE820027A2DDD200EC5334 /* CurrencyObject.swift */,
			);
			path = Objects;
			sourceTree = "<group>";
		};
		04FE820727A2FD2700EC5334 /* Extension */ = {
			isa = PBXGroup;
			children = (
				04FE820827A2FD4100EC5334 /* Date+Util.swift */,
				04FE821927A87C4C00EC5334 /* UIColor+Hex.swift */,
			);
			path = Extension;
			sourceTree = "<group>";
		};
		04FE820B27A53CEA00EC5334 /* Cells */ = {
			isa = PBXGroup;
			children = (
				04FE821627A5A85400EC5334 /* CurrencyHeaderView.swift */,
				04FE820C27A53D7100EC5334 /* CurrencyCell.swift */,
				04FE820E27A53D8000EC5334 /* CurrencyCellVM.swift */,
			);
			path = Cells;
			sourceTree = "<group>";
		};
		04FE821B27B11A0C00EC5334 /* Main */ = {
			isa = PBXGroup;
			children = (
				04FE820B27A53CEA00EC5334 /* Cells */,
				04B0EDC527A195120031B8C6 /* MainViewController.swift */,
				04FE81E927A1BC5500EC5334 /* MainViewControllerVM.swift */,
			);
			path = Main;
			sourceTree = "<group>";
		};
		04FE821C27B11A1C00EC5334 /* Chart */ = {
			isa = PBXGroup;
			children = (
				04FE822627B1239400EC5334 /* ChartAxisValueFormatter.swift */,
				04FE821E27B11A7300EC5334 /* ChartViewController.swift */,
				04FE822027B11A8200EC5334 /* ChartViewControllerVM.swift */,
			);
			path = Chart;
			sourceTree = "<group>";
		};
		34AC5F8CE60B3633795FE630 /* Pods */ = {
			isa = PBXGroup;
			children = (
				D0F6A04E445E5F6869EB4DBC /* Pods-Currency.debug.xcconfig */,
				37D33DB61118F1787E38AD48 /* Pods-Currency.release.xcconfig */,
				3135AD098398750F1EFC5A0D /* Pods-Currency-CurrencyUITests.debug.xcconfig */,
				62A506F0EE15DC35BDFE0DBD /* Pods-Currency-CurrencyUITests.release.xcconfig */,
				A8CFED75F04EFAA70A9214F0 /* Pods-CurrencyTests.debug.xcconfig */,
				50E51AA8267BE3B15C31C153 /* Pods-CurrencyTests.release.xcconfig */,
			);
			path = Pods;
			sourceTree = "<group>";
		};
		833B76D868C08CAABBE94D41 /* Frameworks */ = {
			isa = PBXGroup;
			children = (
				E0E934B5B63CFB44CFBD33DD /* Pods_Currency.framework */,
				B06016AC89A8952D933A2807 /* Pods_Currency_CurrencyUITests.framework */,
				0554EA28800065C7071AD120 /* Pods_CurrencyTests.framework */,
			);
			name = Frameworks;
			sourceTree = "<group>";
		};
/* End PBXGroup section */

/* Begin PBXNativeTarget section */
		04B0EDBD27A195120031B8C6 /* Currency */ = {
			isa = PBXNativeTarget;
			buildConfigurationList = 04B0EDE827A195140031B8C6 /* Build configuration list for PBXNativeTarget "Currency" */;
			buildPhases = (
				EB7711CA9122A28B5D416FE0 /* [CP] Check Pods Manifest.lock */,
				04B0EDBA27A195120031B8C6 /* Sources */,
				04B0EDBB27A195120031B8C6 /* Frameworks */,
				04B0EDBC27A195120031B8C6 /* Resources */,
				0D14C6974037C17BD9ECDF1D /* [CP] Embed Pods Frameworks */,
			);
			buildRules = (
			);
			dependencies = (
			);
			name = Currency;
			productName = Currency;
			productReference = 04B0EDBE27A195120031B8C6 /* Currency.app */;
			productType = "com.apple.product-type.application";
		};
		04B0EDD327A195140031B8C6 /* CurrencyTests */ = {
			isa = PBXNativeTarget;
			buildConfigurationList = 04B0EDEB27A195140031B8C6 /* Build configuration list for PBXNativeTarget "CurrencyTests" */;
			buildPhases = (
				225B62F654B4A335D432C50D /* [CP] Check Pods Manifest.lock */,
				04B0EDD027A195140031B8C6 /* Sources */,
				04B0EDD127A195140031B8C6 /* Frameworks */,
				04B0EDD227A195140031B8C6 /* Resources */,
			);
			buildRules = (
			);
			dependencies = (
				04B0EDD627A195140031B8C6 /* PBXTargetDependency */,
			);
			name = CurrencyTests;
			productName = CurrencyTests;
			productReference = 04B0EDD427A195140031B8C6 /* CurrencyTests.xctest */;
			productType = "com.apple.product-type.bundle.unit-test";
		};
		04B0EDDD27A195140031B8C6 /* CurrencyUITests */ = {
			isa = PBXNativeTarget;
			buildConfigurationList = 04B0EDEE27A195140031B8C6 /* Build configuration list for PBXNativeTarget "CurrencyUITests" */;
			buildPhases = (
				8DF7FD773C1CEA9240AED7DC /* [CP] Check Pods Manifest.lock */,
				04B0EDDA27A195140031B8C6 /* Sources */,
				04B0EDDB27A195140031B8C6 /* Frameworks */,
				04B0EDDC27A195140031B8C6 /* Resources */,
				A84776B648DB589A0F691054 /* [CP] Embed Pods Frameworks */,
			);
			buildRules = (
			);
			dependencies = (
				04B0EDE027A195140031B8C6 /* PBXTargetDependency */,
			);
			name = CurrencyUITests;
			productName = CurrencyUITests;
			productReference = 04B0EDDE27A195140031B8C6 /* CurrencyUITests.xctest */;
			productType = "com.apple.product-type.bundle.ui-testing";
		};
/* End PBXNativeTarget section */

/* Begin PBXProject section */
		04B0EDB627A195120031B8C6 /* Project object */ = {
			isa = PBXProject;
			attributes = {
				BuildIndependentTargetsInParallel = 1;
				LastSwiftUpdateCheck = 1320;
				LastUpgradeCheck = 1320;
				TargetAttributes = {
					04B0EDBD27A195120031B8C6 = {
						CreatedOnToolsVersion = 13.2.1;
					};
					04B0EDD327A195140031B8C6 = {
						CreatedOnToolsVersion = 13.2.1;
						TestTargetID = 04B0EDBD27A195120031B8C6;
					};
					04B0EDDD27A195140031B8C6 = {
						CreatedOnToolsVersion = 13.2.1;
						TestTargetID = 04B0EDBD27A195120031B8C6;
					};
				};
			};
			buildConfigurationList = 04B0EDB927A195120031B8C6 /* Build configuration list for PBXProject "Currency" */;
			compatibilityVersion = "Xcode 13.0";
			developmentRegion = en;
			hasScannedForEncodings = 0;
			knownRegions = (
				en,
				Base,
			);
			mainGroup = 04B0EDB527A195120031B8C6;
			productRefGroup = 04B0EDBF27A195120031B8C6 /* Products */;
			projectDirPath = "";
			projectRoot = "";
			targets = (
				04B0EDBD27A195120031B8C6 /* Currency */,
				04B0EDD327A195140031B8C6 /* CurrencyTests */,
				04B0EDDD27A195140031B8C6 /* CurrencyUITests */,
			);
		};
/* End PBXProject section */

/* Begin PBXResourcesBuildPhase section */
		04B0EDBC27A195120031B8C6 /* Resources */ = {
			isa = PBXResourcesBuildPhase;
			buildActionMask = 2147483647;
			files = (
				04B0EDCE27A195140031B8C6 /* LaunchScreen.storyboard in Resources */,
				04B0EDCB27A195140031B8C6 /* Assets.xcassets in Resources */,
				04B0EDC927A195120031B8C6 /* Main.storyboard in Resources */,
			);
			runOnlyForDeploymentPostprocessing = 0;
		};
		04B0EDD227A195140031B8C6 /* Resources */ = {
			isa = PBXResourcesBuildPhase;
			buildActionMask = 2147483647;
			files = (
			);
			runOnlyForDeploymentPostprocessing = 0;
		};
		04B0EDDC27A195140031B8C6 /* Resources */ = {
			isa = PBXResourcesBuildPhase;
			buildActionMask = 2147483647;
			files = (
			);
			runOnlyForDeploymentPostprocessing = 0;
		};
/* End PBXResourcesBuildPhase section */

/* Begin PBXShellScriptBuildPhase section */
		0D14C6974037C17BD9ECDF1D /* [CP] Embed Pods Frameworks */ = {
			isa = PBXShellScriptBuildPhase;
			buildActionMask = 2147483647;
			files = (
			);
			inputFileListPaths = (
				"${PODS_ROOT}/Target Support Files/Pods-Currency/Pods-Currency-frameworks-${CONFIGURATION}-input-files.xcfilelist",
			);
			name = "[CP] Embed Pods Frameworks";
			outputFileListPaths = (
				"${PODS_ROOT}/Target Support Files/Pods-Currency/Pods-Currency-frameworks-${CONFIGURATION}-output-files.xcfilelist",
			);
			runOnlyForDeploymentPostprocessing = 0;
			shellPath = /bin/sh;
			shellScript = "\"${PODS_ROOT}/Target Support Files/Pods-Currency/Pods-Currency-frameworks.sh\"\n";
			showEnvVarsInLog = 0;
		};
		225B62F654B4A335D432C50D /* [CP] Check Pods Manifest.lock */ = {
			isa = PBXShellScriptBuildPhase;
			buildActionMask = 2147483647;
			files = (
			);
			inputFileListPaths = (
			);
			inputPaths = (
				"${PODS_PODFILE_DIR_PATH}/Podfile.lock",
				"${PODS_ROOT}/Manifest.lock",
			);
			name = "[CP] Check Pods Manifest.lock";
			outputFileListPaths = (
			);
			outputPaths = (
				"$(DERIVED_FILE_DIR)/Pods-CurrencyTests-checkManifestLockResult.txt",
			);
			runOnlyForDeploymentPostprocessing = 0;
			shellPath = /bin/sh;
			shellScript = "diff \"${PODS_PODFILE_DIR_PATH}/Podfile.lock\" \"${PODS_ROOT}/Manifest.lock\" > /dev/null\nif [ $? != 0 ] ; then\n    # print error to STDERR\n    echo \"error: The sandbox is not in sync with the Podfile.lock. Run 'pod install' or update your CocoaPods installation.\" >&2\n    exit 1\nfi\n# This output is used by Xcode 'outputs' to avoid re-running this script phase.\necho \"SUCCESS\" > \"${SCRIPT_OUTPUT_FILE_0}\"\n";
			showEnvVarsInLog = 0;
		};
		8DF7FD773C1CEA9240AED7DC /* [CP] Check Pods Manifest.lock */ = {
			isa = PBXShellScriptBuildPhase;
			buildActionMask = 2147483647;
			files = (
			);
			inputFileListPaths = (
			);
			inputPaths = (
				"${PODS_PODFILE_DIR_PATH}/Podfile.lock",
				"${PODS_ROOT}/Manifest.lock",
			);
			name = "[CP] Check Pods Manifest.lock";
			outputFileListPaths = (
			);
			outputPaths = (
				"$(DERIVED_FILE_DIR)/Pods-Currency-CurrencyUITests-checkManifestLockResult.txt",
			);
			runOnlyForDeploymentPostprocessing = 0;
			shellPath = /bin/sh;
			shellScript = "diff \"${PODS_PODFILE_DIR_PATH}/Podfile.lock\" \"${PODS_ROOT}/Manifest.lock\" > /dev/null\nif [ $? != 0 ] ; then\n    # print error to STDERR\n    echo \"error: The sandbox is not in sync with the Podfile.lock. Run 'pod install' or update your CocoaPods installation.\" >&2\n    exit 1\nfi\n# This output is used by Xcode 'outputs' to avoid re-running this script phase.\necho \"SUCCESS\" > \"${SCRIPT_OUTPUT_FILE_0}\"\n";
			showEnvVarsInLog = 0;
		};
		A84776B648DB589A0F691054 /* [CP] Embed Pods Frameworks */ = {
			isa = PBXShellScriptBuildPhase;
			buildActionMask = 2147483647;
			files = (
			);
			inputFileListPaths = (
				"${PODS_ROOT}/Target Support Files/Pods-Currency-CurrencyUITests/Pods-Currency-CurrencyUITests-frameworks-${CONFIGURATION}-input-files.xcfilelist",
			);
			name = "[CP] Embed Pods Frameworks";
			outputFileListPaths = (
				"${PODS_ROOT}/Target Support Files/Pods-Currency-CurrencyUITests/Pods-Currency-CurrencyUITests-frameworks-${CONFIGURATION}-output-files.xcfilelist",
			);
			runOnlyForDeploymentPostprocessing = 0;
			shellPath = /bin/sh;
			shellScript = "\"${PODS_ROOT}/Target Support Files/Pods-Currency-CurrencyUITests/Pods-Currency-CurrencyUITests-frameworks.sh\"\n";
			showEnvVarsInLog = 0;
		};
		EB7711CA9122A28B5D416FE0 /* [CP] Check Pods Manifest.lock */ = {
			isa = PBXShellScriptBuildPhase;
			buildActionMask = 2147483647;
			files = (
			);
			inputFileListPaths = (
			);
			inputPaths = (
				"${PODS_PODFILE_DIR_PATH}/Podfile.lock",
				"${PODS_ROOT}/Manifest.lock",
			);
			name = "[CP] Check Pods Manifest.lock";
			outputFileListPaths = (
			);
			outputPaths = (
				"$(DERIVED_FILE_DIR)/Pods-Currency-checkManifestLockResult.txt",
			);
			runOnlyForDeploymentPostprocessing = 0;
			shellPath = /bin/sh;
			shellScript = "diff \"${PODS_PODFILE_DIR_PATH}/Podfile.lock\" \"${PODS_ROOT}/Manifest.lock\" > /dev/null\nif [ $? != 0 ] ; then\n    # print error to STDERR\n    echo \"error: The sandbox is not in sync with the Podfile.lock. Run 'pod install' or update your CocoaPods installation.\" >&2\n    exit 1\nfi\n# This output is used by Xcode 'outputs' to avoid re-running this script phase.\necho \"SUCCESS\" > \"${SCRIPT_OUTPUT_FILE_0}\"\n";
			showEnvVarsInLog = 0;
		};
/* End PBXShellScriptBuildPhase section */

/* Begin PBXSourcesBuildPhase section */
		04B0EDBA27A195120031B8C6 /* Sources */ = {
			isa = PBXSourcesBuildPhase;
			buildActionMask = 2147483647;
			files = (
				04FE820D27A53D7100EC5334 /* CurrencyCell.swift in Sources */,
				04FE820127A2DDD200EC5334 /* CurrencyObject.swift in Sources */,
				04FE822127B11A8200EC5334 /* ChartViewControllerVM.swift in Sources */,
				04FE822727B1239400EC5334 /* ChartAxisValueFormatter.swift in Sources */,
				04FE81FA27A1CE2C00EC5334 /* CurrencyModel.swift in Sources */,
				04FE81ED27A1BDB600EC5334 /* ApiService.swift in Sources */,
				04FE820627A2F7ED00EC5334 /* NetworkManager.swift in Sources */,
				04FE81EA27A1BC5500EC5334 /* MainViewControllerVM.swift in Sources */,
				04FE81FE27A2DA5200EC5334 /* DataAccessManager.swift in Sources */,
				04B0EDC627A195120031B8C6 /* MainViewController.swift in Sources */,
				04FE821F27B11A7300EC5334 /* ChartViewController.swift in Sources */,
				04FE81F627A1CA7500EC5334 /* RealmDAO.swift in Sources */,
				04FE821A27A87C4C00EC5334 /* UIColor+Hex.swift in Sources */,
				04FE81E827A1BB9D00EC5334 /* BaseViewController.swift in Sources */,
				04FE81F027A1BE4300EC5334 /* AppConfigs.swift in Sources */,
				04FE821127A53DBE00EC5334 /* BaseTableViewCell.swift in Sources */,
				04B0EDC227A195120031B8C6 /* AppDelegate.swift in Sources */,
				04FE820F27A53D8000EC5334 /* CurrencyCellVM.swift in Sources */,
				04FE821727A5A85400EC5334 /* CurrencyHeaderView.swift in Sources */,
				04B0EDC427A195120031B8C6 /* SceneDelegate.swift in Sources */,
				04FE820927A2FD4100EC5334 /* Date+Util.swift in Sources */,
			);
			runOnlyForDeploymentPostprocessing = 0;
		};
		04B0EDD027A195140031B8C6 /* Sources */ = {
			isa = PBXSourcesBuildPhase;
			buildActionMask = 2147483647;
			files = (
				04B0EDD927A195140031B8C6 /* CurrencyTests.swift in Sources */,
			);
			runOnlyForDeploymentPostprocessing = 0;
		};
		04B0EDDA27A195140031B8C6 /* Sources */ = {
			isa = PBXSourcesBuildPhase;
			buildActionMask = 2147483647;
			files = (
				04B0EDE527A195140031B8C6 /* CurrencyUITestsLaunchTests.swift in Sources */,
				04B0EDE327A195140031B8C6 /* CurrencyUITests.swift in Sources */,
			);
			runOnlyForDeploymentPostprocessing = 0;
		};
/* End PBXSourcesBuildPhase section */

/* Begin PBXTargetDependency section */
		04B0EDD627A195140031B8C6 /* PBXTargetDependency */ = {
			isa = PBXTargetDependency;
			target = 04B0EDBD27A195120031B8C6 /* Currency */;
			targetProxy = 04B0EDD527A195140031B8C6 /* PBXContainerItemProxy */;
		};
		04B0EDE027A195140031B8C6 /* PBXTargetDependency */ = {
			isa = PBXTargetDependency;
			target = 04B0EDBD27A195120031B8C6 /* Currency */;
			targetProxy = 04B0EDDF27A195140031B8C6 /* PBXContainerItemProxy */;
		};
/* End PBXTargetDependency section */

/* Begin PBXVariantGroup section */
		04B0EDC727A195120031B8C6 /* Main.storyboard */ = {
			isa = PBXVariantGroup;
			children = (
				04B0EDC827A195120031B8C6 /* Base */,
			);
			name = Main.storyboard;
			sourceTree = "<group>";
		};
		04B0EDCC27A195140031B8C6 /* LaunchScreen.storyboard */ = {
			isa = PBXVariantGroup;
			children = (
				04B0EDCD27A195140031B8C6 /* Base */,
			);
			name = LaunchScreen.storyboard;
			sourceTree = "<group>";
		};
/* End PBXVariantGroup section */

/* Begin XCBuildConfiguration section */
		04B0EDE627A195140031B8C6 /* Debug */ = {
			isa = XCBuildConfiguration;
			buildSettings = {
				ALWAYS_SEARCH_USER_PATHS = NO;
				CLANG_ANALYZER_NONNULL = YES;
				CLANG_ANALYZER_NUMBER_OBJECT_CONVERSION = YES_AGGRESSIVE;
				CLANG_CXX_LANGUAGE_STANDARD = "gnu++17";
				CLANG_CXX_LIBRARY = "libc++";
				CLANG_ENABLE_MODULES = YES;
				CLANG_ENABLE_OBJC_ARC = YES;
				CLANG_ENABLE_OBJC_WEAK = YES;
				CLANG_WARN_BLOCK_CAPTURE_AUTORELEASING = YES;
				CLANG_WARN_BOOL_CONVERSION = YES;
				CLANG_WARN_COMMA = YES;
				CLANG_WARN_CONSTANT_CONVERSION = YES;
				CLANG_WARN_DEPRECATED_OBJC_IMPLEMENTATIONS = YES;
				CLANG_WARN_DIRECT_OBJC_ISA_USAGE = YES_ERROR;
				CLANG_WARN_DOCUMENTATION_COMMENTS = YES;
				CLANG_WARN_EMPTY_BODY = YES;
				CLANG_WARN_ENUM_CONVERSION = YES;
				CLANG_WARN_INFINITE_RECURSION = YES;
				CLANG_WARN_INT_CONVERSION = YES;
				CLANG_WARN_NON_LITERAL_NULL_CONVERSION = YES;
				CLANG_WARN_OBJC_IMPLICIT_RETAIN_SELF = YES;
				CLANG_WARN_OBJC_LITERAL_CONVERSION = YES;
				CLANG_WARN_OBJC_ROOT_CLASS = YES_ERROR;
				CLANG_WARN_QUOTED_INCLUDE_IN_FRAMEWORK_HEADER = YES;
				CLANG_WARN_RANGE_LOOP_ANALYSIS = YES;
				CLANG_WARN_STRICT_PROTOTYPES = YES;
				CLANG_WARN_SUSPICIOUS_MOVE = YES;
				CLANG_WARN_UNGUARDED_AVAILABILITY = YES_AGGRESSIVE;
				CLANG_WARN_UNREACHABLE_CODE = YES;
				CLANG_WARN__DUPLICATE_METHOD_MATCH = YES;
				COPY_PHASE_STRIP = NO;
				DEBUG_INFORMATION_FORMAT = dwarf;
				ENABLE_STRICT_OBJC_MSGSEND = YES;
				ENABLE_TESTABILITY = YES;
				GCC_C_LANGUAGE_STANDARD = gnu11;
				GCC_DYNAMIC_NO_PIC = NO;
				GCC_NO_COMMON_BLOCKS = YES;
				GCC_OPTIMIZATION_LEVEL = 0;
				GCC_PREPROCESSOR_DEFINITIONS = (
					"DEBUG=1",
					"$(inherited)",
				);
				GCC_WARN_64_TO_32_BIT_CONVERSION = YES;
				GCC_WARN_ABOUT_RETURN_TYPE = YES_ERROR;
				GCC_WARN_UNDECLARED_SELECTOR = YES;
				GCC_WARN_UNINITIALIZED_AUTOS = YES_AGGRESSIVE;
				GCC_WARN_UNUSED_FUNCTION = YES;
				GCC_WARN_UNUSED_VARIABLE = YES;
				IPHONEOS_DEPLOYMENT_TARGET = 15.2;
				MTL_ENABLE_DEBUG_INFO = INCLUDE_SOURCE;
				MTL_FAST_MATH = YES;
				ONLY_ACTIVE_ARCH = YES;
				SDKROOT = iphoneos;
				SWIFT_ACTIVE_COMPILATION_CONDITIONS = DEBUG;
				SWIFT_OPTIMIZATION_LEVEL = "-Onone";
			};
			name = Debug;
		};
		04B0EDE727A195140031B8C6 /* Release */ = {
			isa = XCBuildConfiguration;
			buildSettings = {
				ALWAYS_SEARCH_USER_PATHS = NO;
				CLANG_ANALYZER_NONNULL = YES;
				CLANG_ANALYZER_NUMBER_OBJECT_CONVERSION = YES_AGGRESSIVE;
				CLANG_CXX_LANGUAGE_STANDARD = "gnu++17";
				CLANG_CXX_LIBRARY = "libc++";
				CLANG_ENABLE_MODULES = YES;
				CLANG_ENABLE_OBJC_ARC = YES;
				CLANG_ENABLE_OBJC_WEAK = YES;
				CLANG_WARN_BLOCK_CAPTURE_AUTORELEASING = YES;
				CLANG_WARN_BOOL_CONVERSION = YES;
				CLANG_WARN_COMMA = YES;
				CLANG_WARN_CONSTANT_CONVERSION = YES;
				CLANG_WARN_DEPRECATED_OBJC_IMPLEMENTATIONS = YES;
				CLANG_WARN_DIRECT_OBJC_ISA_USAGE = YES_ERROR;
				CLANG_WARN_DOCUMENTATION_COMMENTS = YES;
				CLANG_WARN_EMPTY_BODY = YES;
				CLANG_WARN_ENUM_CONVERSION = YES;
				CLANG_WARN_INFINITE_RECURSION = YES;
				CLANG_WARN_INT_CONVERSION = YES;
				CLANG_WARN_NON_LITERAL_NULL_CONVERSION = YES;
				CLANG_WARN_OBJC_IMPLICIT_RETAIN_SELF = YES;
				CLANG_WARN_OBJC_LITERAL_CONVERSION = YES;
				CLANG_WARN_OBJC_ROOT_CLASS = YES_ERROR;
				CLANG_WARN_QUOTED_INCLUDE_IN_FRAMEWORK_HEADER = YES;
				CLANG_WARN_RANGE_LOOP_ANALYSIS = YES;
				CLANG_WARN_STRICT_PROTOTYPES = YES;
				CLANG_WARN_SUSPICIOUS_MOVE = YES;
				CLANG_WARN_UNGUARDED_AVAILABILITY = YES_AGGRESSIVE;
				CLANG_WARN_UNREACHABLE_CODE = YES;
				CLANG_WARN__DUPLICATE_METHOD_MATCH = YES;
				COPY_PHASE_STRIP = NO;
				DEBUG_INFORMATION_FORMAT = "dwarf-with-dsym";
				ENABLE_NS_ASSERTIONS = NO;
				ENABLE_STRICT_OBJC_MSGSEND = YES;
				GCC_C_LANGUAGE_STANDARD = gnu11;
				GCC_NO_COMMON_BLOCKS = YES;
				GCC_WARN_64_TO_32_BIT_CONVERSION = YES;
				GCC_WARN_ABOUT_RETURN_TYPE = YES_ERROR;
				GCC_WARN_UNDECLARED_SELECTOR = YES;
				GCC_WARN_UNINITIALIZED_AUTOS = YES_AGGRESSIVE;
				GCC_WARN_UNUSED_FUNCTION = YES;
				GCC_WARN_UNUSED_VARIABLE = YES;
				IPHONEOS_DEPLOYMENT_TARGET = 15.2;
				MTL_ENABLE_DEBUG_INFO = NO;
				MTL_FAST_MATH = YES;
				SDKROOT = iphoneos;
				SWIFT_COMPILATION_MODE = wholemodule;
				SWIFT_OPTIMIZATION_LEVEL = "-O";
				VALIDATE_PRODUCT = YES;
			};
			name = Release;
		};
		04B0EDE927A195140031B8C6 /* Debug */ = {
			isa = XCBuildConfiguration;
			baseConfigurationReference = D0F6A04E445E5F6869EB4DBC /* Pods-Currency.debug.xcconfig */;
			buildSettings = {
				ASSETCATALOG_COMPILER_APPICON_NAME = AppIcon;
				ASSETCATALOG_COMPILER_GLOBAL_ACCENT_COLOR_NAME = AccentColor;
				CODE_SIGN_STYLE = Automatic;
				CURRENT_PROJECT_VERSION = 1;
				DEVELOPMENT_TEAM = 24Q774U2FS;
				GENERATE_INFOPLIST_FILE = YES;
				INFOPLIST_FILE = Currency/Info.plist;
				INFOPLIST_KEY_UIApplicationSupportsIndirectInputEvents = YES;
				INFOPLIST_KEY_UILaunchStoryboardName = LaunchScreen;
				INFOPLIST_KEY_UIMainStoryboardFile = Main;
				INFOPLIST_KEY_UISupportedInterfaceOrientations_iPad = "UIInterfaceOrientationPortrait UIInterfaceOrientationPortraitUpsideDown UIInterfaceOrientationLandscapeLeft UIInterfaceOrientationLandscapeRight";
				INFOPLIST_KEY_UISupportedInterfaceOrientations_iPhone = "UIInterfaceOrientationPortrait UIInterfaceOrientationLandscapeLeft UIInterfaceOrientationLandscapeRight";
				LD_RUNPATH_SEARCH_PATHS = (
					"$(inherited)",
					"@executable_path/Frameworks",
				);
				MARKETING_VERSION = 1.0;
				PRODUCT_BUNDLE_IDENTIFIER = com.sp.Currency;
				PRODUCT_NAME = "$(TARGET_NAME)";
				SWIFT_EMIT_LOC_STRINGS = YES;
				SWIFT_VERSION = 5.0;
				TARGETED_DEVICE_FAMILY = "1,2";
			};
			name = Debug;
		};
		04B0EDEA27A195140031B8C6 /* Release */ = {
			isa = XCBuildConfiguration;
			baseConfigurationReference = 37D33DB61118F1787E38AD48 /* Pods-Currency.release.xcconfig */;
			buildSettings = {
				ASSETCATALOG_COMPILER_APPICON_NAME = AppIcon;
				ASSETCATALOG_COMPILER_GLOBAL_ACCENT_COLOR_NAME = AccentColor;
				CODE_SIGN_STYLE = Automatic;
				CURRENT_PROJECT_VERSION = 1;
				DEVELOPMENT_TEAM = 24Q774U2FS;
				GENERATE_INFOPLIST_FILE = YES;
				INFOPLIST_FILE = Currency/Info.plist;
				INFOPLIST_KEY_UIApplicationSupportsIndirectInputEvents = YES;
				INFOPLIST_KEY_UILaunchStoryboardName = LaunchScreen;
				INFOPLIST_KEY_UIMainStoryboardFile = Main;
				INFOPLIST_KEY_UISupportedInterfaceOrientations_iPad = "UIInterfaceOrientationPortrait UIInterfaceOrientationPortraitUpsideDown UIInterfaceOrientationLandscapeLeft UIInterfaceOrientationLandscapeRight";
				INFOPLIST_KEY_UISupportedInterfaceOrientations_iPhone = "UIInterfaceOrientationPortrait UIInterfaceOrientationLandscapeLeft UIInterfaceOrientationLandscapeRight";
				LD_RUNPATH_SEARCH_PATHS = (
					"$(inherited)",
					"@executable_path/Frameworks",
				);
				MARKETING_VERSION = 1.0;
				PRODUCT_BUNDLE_IDENTIFIER = com.sp.Currency;
				PRODUCT_NAME = "$(TARGET_NAME)";
				SWIFT_EMIT_LOC_STRINGS = YES;
				SWIFT_VERSION = 5.0;
				TARGETED_DEVICE_FAMILY = "1,2";
			};
			name = Release;
		};
		04B0EDEC27A195140031B8C6 /* Debug */ = {
			isa = XCBuildConfiguration;
			baseConfigurationReference = A8CFED75F04EFAA70A9214F0 /* Pods-CurrencyTests.debug.xcconfig */;
			buildSettings = {
				ALWAYS_EMBED_SWIFT_STANDARD_LIBRARIES = YES;
				BUNDLE_LOADER = "$(TEST_HOST)";
				CODE_SIGN_STYLE = Automatic;
				CURRENT_PROJECT_VERSION = 1;
				DEVELOPMENT_TEAM = 24Q774U2FS;
				GENERATE_INFOPLIST_FILE = YES;
				IPHONEOS_DEPLOYMENT_TARGET = 15.2;
				MARKETING_VERSION = 1.0;
				PRODUCT_BUNDLE_IDENTIFIER = com.sp.CurrencyTests;
				PRODUCT_NAME = "$(TARGET_NAME)";
				SWIFT_EMIT_LOC_STRINGS = NO;
				SWIFT_VERSION = 5.0;
				TARGETED_DEVICE_FAMILY = "1,2";
				TEST_HOST = "$(BUILT_PRODUCTS_DIR)/Currency.app/Currency";
			};
			name = Debug;
		};
		04B0EDED27A195140031B8C6 /* Release */ = {
			isa = XCBuildConfiguration;
			baseConfigurationReference = 50E51AA8267BE3B15C31C153 /* Pods-CurrencyTests.release.xcconfig */;
			buildSettings = {
				ALWAYS_EMBED_SWIFT_STANDARD_LIBRARIES = YES;
				BUNDLE_LOADER = "$(TEST_HOST)";
				CODE_SIGN_STYLE = Automatic;
				CURRENT_PROJECT_VERSION = 1;
				DEVELOPMENT_TEAM = 24Q774U2FS;
				GENERATE_INFOPLIST_FILE = YES;
				IPHONEOS_DEPLOYMENT_TARGET = 15.2;
				MARKETING_VERSION = 1.0;
				PRODUCT_BUNDLE_IDENTIFIER = com.sp.CurrencyTests;
				PRODUCT_NAME = "$(TARGET_NAME)";
				SWIFT_EMIT_LOC_STRINGS = NO;
				SWIFT_VERSION = 5.0;
				TARGETED_DEVICE_FAMILY = "1,2";
				TEST_HOST = "$(BUILT_PRODUCTS_DIR)/Currency.app/Currency";
			};
			name = Release;
		};
		04B0EDEF27A195140031B8C6 /* Debug */ = {
			isa = XCBuildConfiguration;
			baseConfigurationReference = 3135AD098398750F1EFC5A0D /* Pods-Currency-CurrencyUITests.debug.xcconfig */;
			buildSettings = {
				ALWAYS_EMBED_SWIFT_STANDARD_LIBRARIES = YES;
				CODE_SIGN_STYLE = Automatic;
				CURRENT_PROJECT_VERSION = 1;
				DEVELOPMENT_TEAM = 24Q774U2FS;
				GENERATE_INFOPLIST_FILE = YES;
				MARKETING_VERSION = 1.0;
				PRODUCT_BUNDLE_IDENTIFIER = com.sp.CurrencyUITests;
				PRODUCT_NAME = "$(TARGET_NAME)";
				SWIFT_EMIT_LOC_STRINGS = NO;
				SWIFT_VERSION = 5.0;
				TARGETED_DEVICE_FAMILY = "1,2";
				TEST_TARGET_NAME = Currency;
			};
			name = Debug;
		};
		04B0EDF027A195140031B8C6 /* Release */ = {
			isa = XCBuildConfiguration;
			baseConfigurationReference = 62A506F0EE15DC35BDFE0DBD /* Pods-Currency-CurrencyUITests.release.xcconfig */;
			buildSettings = {
				ALWAYS_EMBED_SWIFT_STANDARD_LIBRARIES = YES;
				CODE_SIGN_STYLE = Automatic;
				CURRENT_PROJECT_VERSION = 1;
				DEVELOPMENT_TEAM = 24Q774U2FS;
				GENERATE_INFOPLIST_FILE = YES;
				MARKETING_VERSION = 1.0;
				PRODUCT_BUNDLE_IDENTIFIER = com.sp.CurrencyUITests;
				PRODUCT_NAME = "$(TARGET_NAME)";
				SWIFT_EMIT_LOC_STRINGS = NO;
				SWIFT_VERSION = 5.0;
				TARGETED_DEVICE_FAMILY = "1,2";
				TEST_TARGET_NAME = Currency;
			};
			name = Release;
		};
/* End XCBuildConfiguration section */

/* Begin XCConfigurationList section */
		04B0EDB927A195120031B8C6 /* Build configuration list for PBXProject "Currency" */ = {
			isa = XCConfigurationList;
			buildConfigurations = (
				04B0EDE627A195140031B8C6 /* Debug */,
				04B0EDE727A195140031B8C6 /* Release */,
			);
			defaultConfigurationIsVisible = 0;
			defaultConfigurationName = Release;
		};
		04B0EDE827A195140031B8C6 /* Build configuration list for PBXNativeTarget "Currency" */ = {
			isa = XCConfigurationList;
			buildConfigurations = (
				04B0EDE927A195140031B8C6 /* Debug */,
				04B0EDEA27A195140031B8C6 /* Release */,
			);
			defaultConfigurationIsVisible = 0;
			defaultConfigurationName = Release;
		};
		04B0EDEB27A195140031B8C6 /* Build configuration list for PBXNativeTarget "CurrencyTests" */ = {
			isa = XCConfigurationList;
			buildConfigurations = (
				04B0EDEC27A195140031B8C6 /* Debug */,
				04B0EDED27A195140031B8C6 /* Release */,
			);
			defaultConfigurationIsVisible = 0;
			defaultConfigurationName = Release;
		};
		04B0EDEE27A195140031B8C6 /* Build configuration list for PBXNativeTarget "CurrencyUITests" */ = {
			isa = XCConfigurationList;
			buildConfigurations = (
				04B0EDEF27A195140031B8C6 /* Debug */,
				04B0EDF027A195140031B8C6 /* Release */,
			);
			defaultConfigurationIsVisible = 0;
			defaultConfigurationName = Release;
		};
/* End XCConfigurationList section */
	};
	rootObject = 04B0EDB627A195120031B8C6 /* Project object */;
}
